// !$*UTF8*$!
{
	archiveVersion = 1;
	classes = {
	};
	objectVersion = 56;
	objects = {

/* Begin PBXBuildFile section */
		0A061F0B2A9F465500FC3EC1 /* BoatingVIew.swift in Sources */ = {isa = PBXBuildFile; fileRef = 0A061F0A2A9F465500FC3EC1 /* BoatingVIew.swift */; };
		0A25228C2A9EEB5900750866 /* ArchivoBlack-Regular.ttf in Resources */ = {isa = PBXBuildFile; fileRef = 0A25228B2A9EEB5800750866 /* ArchivoBlack-Regular.ttf */; };
		0A6216D92A9DD0100069BCB9 /* FirebaseDatabase in Frameworks */ = {isa = PBXBuildFile; productRef = 0A6216D82A9DD0100069BCB9 /* FirebaseDatabase */; };
		0A6216DB2A9DD0100069BCB9 /* FirebaseDatabaseSwift in Frameworks */ = {isa = PBXBuildFile; productRef = 0A6216DA2A9DD0100069BCB9 /* FirebaseDatabaseSwift */; };
		0A6216DF2A9DD40F0069BCB9 /* HomeScreenView.swift in Sources */ = {isa = PBXBuildFile; fileRef = 0A6216DE2A9DD40F0069BCB9 /* HomeScreenView.swift */; };
		0A6216E12A9DDB730069BCB9 /* ProfileView.swift in Sources */ = {isa = PBXBuildFile; fileRef = 0A6216E02A9DDB730069BCB9 /* ProfileView.swift */; };
		0A7AD9B02AA1A88800101A39 /* chooseCollegeView.swift in Sources */ = {isa = PBXBuildFile; fileRef = 0A7AD9AF2AA1A88800101A39 /* chooseCollegeView.swift */; };
		0AE4AE242AA42C8E0020A7C7 /* notiView.swift in Sources */ = {isa = PBXBuildFile; fileRef = 0AE4AE232AA42C8E0020A7C7 /* notiView.swift */; };
		0AE736A22A9C56580015769D /* SignInView.swift in Sources */ = {isa = PBXBuildFile; fileRef = 0AE736A12A9C56580015769D /* SignInView.swift */; };
		0AE736A42A9C584A0015769D /* SignUpView.swift in Sources */ = {isa = PBXBuildFile; fileRef = 0AE736A32A9C584A0015769D /* SignUpView.swift */; };
		0AF045C12AA43F58004583D4 /* notificationHandler.swift in Sources */ = {isa = PBXBuildFile; fileRef = 0AF045C02AA43F58004583D4 /* notificationHandler.swift */; };
		AE3EDE8E2A9EE32E00666B8B /* FeedKit in Frameworks */ = {isa = PBXBuildFile; productRef = AE3EDE8D2A9EE32E00666B8B /* FeedKit */; };
		AE3EDE902A9EE35500666B8B /* DiscoverView.swift in Sources */ = {isa = PBXBuildFile; fileRef = AE3EDE8F2A9EE35500666B8B /* DiscoverView.swift */; };
		AE5B85202AA19DCA001E988F /* SwiftyJSON in Frameworks */ = {isa = PBXBuildFile; productRef = AE5B851F2AA19DCA001E988F /* SwiftyJSON */; };
		AE5B85222AA2F461001E988F /* SearchView.swift in Sources */ = {isa = PBXBuildFile; fileRef = AE5B85212AA2F461001E988F /* SearchView.swift */; };
		AE8974582A9C4CCB006748CA /* EventiLatteApp.swift in Sources */ = {isa = PBXBuildFile; fileRef = AE8974572A9C4CCB006748CA /* EventiLatteApp.swift */; };
		AE89745A2A9C4CCB006748CA /* ContentView.swift in Sources */ = {isa = PBXBuildFile; fileRef = AE8974592A9C4CCB006748CA /* ContentView.swift */; };
		AE89745C2A9C4CCC006748CA /* Assets.xcassets in Resources */ = {isa = PBXBuildFile; fileRef = AE89745B2A9C4CCC006748CA /* Assets.xcassets */; };
		AE89745F2A9C4CCC006748CA /* Preview Assets.xcassets in Resources */ = {isa = PBXBuildFile; fileRef = AE89745E2A9C4CCC006748CA /* Preview Assets.xcassets */; };
		AE8974692A9C4CCC006748CA /* EventiLatteTests.swift in Sources */ = {isa = PBXBuildFile; fileRef = AE8974682A9C4CCC006748CA /* EventiLatteTests.swift */; };
		AE8974732A9C4CCC006748CA /* EventiLatteUITests.swift in Sources */ = {isa = PBXBuildFile; fileRef = AE8974722A9C4CCC006748CA /* EventiLatteUITests.swift */; };
		AE8974752A9C4CCC006748CA /* EventiLatteUITestsLaunchTests.swift in Sources */ = {isa = PBXBuildFile; fileRef = AE8974742A9C4CCC006748CA /* EventiLatteUITestsLaunchTests.swift */; };
		AEEDCBD92A9D521B00DD40A2 /* FirebaseAuth in Frameworks */ = {isa = PBXBuildFile; productRef = AEEDCBD82A9D521B00DD40A2 /* FirebaseAuth */; };
		AEEDCBDB2A9D592900DD40A2 /* GoogleService-Info.plist in Resources */ = {isa = PBXBuildFile; fileRef = AEEDCBDA2A9D592900DD40A2 /* GoogleService-Info.plist */; };
		AEEDCBDD2A9DBB1200DD40A2 /* us_universities.csv in Resources */ = {isa = PBXBuildFile; fileRef = AEEDCBDC2A9DBB1100DD40A2 /* us_universities.csv */; };
		ED9E84812A9F257F007C90F7 /* EventPageView.swift in Sources */ = {isa = PBXBuildFile; fileRef = ED9E84802A9F257F007C90F7 /* EventPageView.swift */; };
/* End PBXBuildFile section */

/* Begin PBXContainerItemProxy section */
		AE8974652A9C4CCC006748CA /* PBXContainerItemProxy */ = {
			isa = PBXContainerItemProxy;
			containerPortal = AE89744C2A9C4CCB006748CA /* Project object */;
			proxyType = 1;
			remoteGlobalIDString = AE8974532A9C4CCB006748CA;
			remoteInfo = EventiLatte;
		};
		AE89746F2A9C4CCC006748CA /* PBXContainerItemProxy */ = {
			isa = PBXContainerItemProxy;
			containerPortal = AE89744C2A9C4CCB006748CA /* Project object */;
			proxyType = 1;
			remoteGlobalIDString = AE8974532A9C4CCB006748CA;
			remoteInfo = EventiLatte;
		};
/* End PBXContainerItemProxy section */

/* Begin PBXFileReference section */
		0A061F0A2A9F465500FC3EC1 /* BoatingVIew.swift */ = {isa = PBXFileReference; lastKnownFileType = sourcecode.swift; path = BoatingVIew.swift; sourceTree = "<group>"; };
		0A25228B2A9EEB5800750866 /* ArchivoBlack-Regular.ttf */ = {isa = PBXFileReference; lastKnownFileType = file; path = "ArchivoBlack-Regular.ttf"; sourceTree = "<group>"; };
		0A25228E2A9EEC4B00750866 /* Info.plist */ = {isa = PBXFileReference; lastKnownFileType = text.plist; path = Info.plist; sourceTree = "<group>"; };
		0A6216DE2A9DD40F0069BCB9 /* HomeScreenView.swift */ = {isa = PBXFileReference; lastKnownFileType = sourcecode.swift; path = HomeScreenView.swift; sourceTree = "<group>"; };
		0A6216E02A9DDB730069BCB9 /* ProfileView.swift */ = {isa = PBXFileReference; lastKnownFileType = sourcecode.swift; path = ProfileView.swift; sourceTree = "<group>"; };
		0A7AD9AF2AA1A88800101A39 /* chooseCollegeView.swift */ = {isa = PBXFileReference; lastKnownFileType = sourcecode.swift; path = chooseCollegeView.swift; sourceTree = "<group>"; };
		0AE4AE232AA42C8E0020A7C7 /* notiView.swift */ = {isa = PBXFileReference; lastKnownFileType = sourcecode.swift; path = notiView.swift; sourceTree = "<group>"; };
		0AE736A12A9C56580015769D /* SignInView.swift */ = {isa = PBXFileReference; lastKnownFileType = sourcecode.swift; path = SignInView.swift; sourceTree = "<group>"; };
		0AE736A32A9C584A0015769D /* SignUpView.swift */ = {isa = PBXFileReference; lastKnownFileType = sourcecode.swift; path = SignUpView.swift; sourceTree = "<group>"; };
		0AE736A52A9C592A0015769D /* EventiLatte.entitlements */ = {isa = PBXFileReference; lastKnownFileType = text.plist.entitlements; path = EventiLatte.entitlements; sourceTree = "<group>"; };
		0AE736A62A9C635E0015769D /* Config.xcconfig */ = {isa = PBXFileReference; lastKnownFileType = text.xcconfig; path = Config.xcconfig; sourceTree = "<group>"; };
		0AF045C02AA43F58004583D4 /* notificationHandler.swift */ = {isa = PBXFileReference; lastKnownFileType = sourcecode.swift; path = notificationHandler.swift; sourceTree = "<group>"; };
		AE3EDE8F2A9EE35500666B8B /* DiscoverView.swift */ = {isa = PBXFileReference; lastKnownFileType = sourcecode.swift; path = DiscoverView.swift; sourceTree = "<group>"; };
		AE5B85212AA2F461001E988F /* SearchView.swift */ = {isa = PBXFileReference; lastKnownFileType = sourcecode.swift; path = SearchView.swift; sourceTree = "<group>"; };
		AE8974542A9C4CCB006748CA /* EventiLatte.app */ = {isa = PBXFileReference; explicitFileType = wrapper.application; includeInIndex = 0; path = EventiLatte.app; sourceTree = BUILT_PRODUCTS_DIR; };
		AE8974572A9C4CCB006748CA /* EventiLatteApp.swift */ = {isa = PBXFileReference; lastKnownFileType = sourcecode.swift; path = EventiLatteApp.swift; sourceTree = "<group>"; };
		AE8974592A9C4CCB006748CA /* ContentView.swift */ = {isa = PBXFileReference; lastKnownFileType = sourcecode.swift; path = ContentView.swift; sourceTree = "<group>"; };
		AE89745B2A9C4CCC006748CA /* Assets.xcassets */ = {isa = PBXFileReference; lastKnownFileType = folder.assetcatalog; path = Assets.xcassets; sourceTree = "<group>"; };
		AE89745E2A9C4CCC006748CA /* Preview Assets.xcassets */ = {isa = PBXFileReference; lastKnownFileType = folder.assetcatalog; path = "Preview Assets.xcassets"; sourceTree = "<group>"; };
		AE8974642A9C4CCC006748CA /* EventiLatteTests.xctest */ = {isa = PBXFileReference; explicitFileType = wrapper.cfbundle; includeInIndex = 0; path = EventiLatteTests.xctest; sourceTree = BUILT_PRODUCTS_DIR; };
		AE8974682A9C4CCC006748CA /* EventiLatteTests.swift */ = {isa = PBXFileReference; lastKnownFileType = sourcecode.swift; path = EventiLatteTests.swift; sourceTree = "<group>"; };
		AE89746E2A9C4CCC006748CA /* EventiLatteUITests.xctest */ = {isa = PBXFileReference; explicitFileType = wrapper.cfbundle; includeInIndex = 0; path = EventiLatteUITests.xctest; sourceTree = BUILT_PRODUCTS_DIR; };
		AE8974722A9C4CCC006748CA /* EventiLatteUITests.swift */ = {isa = PBXFileReference; lastKnownFileType = sourcecode.swift; path = EventiLatteUITests.swift; sourceTree = "<group>"; };
		AE8974742A9C4CCC006748CA /* EventiLatteUITestsLaunchTests.swift */ = {isa = PBXFileReference; lastKnownFileType = sourcecode.swift; path = EventiLatteUITestsLaunchTests.swift; sourceTree = "<group>"; };
		AEEDCBDA2A9D592900DD40A2 /* GoogleService-Info.plist */ = {isa = PBXFileReference; fileEncoding = 4; lastKnownFileType = text.plist.xml; path = "GoogleService-Info.plist"; sourceTree = "<group>"; };
		AEEDCBDC2A9DBB1100DD40A2 /* us_universities.csv */ = {isa = PBXFileReference; fileEncoding = 4; lastKnownFileType = text; path = us_universities.csv; sourceTree = "<group>"; };
		ED9E84802A9F257F007C90F7 /* EventPageView.swift */ = {isa = PBXFileReference; lastKnownFileType = sourcecode.swift; path = EventPageView.swift; sourceTree = "<group>"; };
/* End PBXFileReference section */

/* Begin PBXFrameworksBuildPhase section */
		AE8974512A9C4CCB006748CA /* Frameworks */ = {
			isa = PBXFrameworksBuildPhase;
			buildActionMask = 2147483647;
			files = (
				0A6216DB2A9DD0100069BCB9 /* FirebaseDatabaseSwift in Frameworks */,
				0A6216D92A9DD0100069BCB9 /* FirebaseDatabase in Frameworks */,
				AEEDCBD92A9D521B00DD40A2 /* FirebaseAuth in Frameworks */,
				AE5B85202AA19DCA001E988F /* SwiftyJSON in Frameworks */,
				AE3EDE8E2A9EE32E00666B8B /* FeedKit in Frameworks */,
			);
			runOnlyForDeploymentPostprocessing = 0;
		};
		AE8974612A9C4CCC006748CA /* Frameworks */ = {
			isa = PBXFrameworksBuildPhase;
			buildActionMask = 2147483647;
			files = (
			);
			runOnlyForDeploymentPostprocessing = 0;
		};
		AE89746B2A9C4CCC006748CA /* Frameworks */ = {
			isa = PBXFrameworksBuildPhase;
			buildActionMask = 2147483647;
			files = (
			);
			runOnlyForDeploymentPostprocessing = 0;
		};
/* End PBXFrameworksBuildPhase section */

/* Begin PBXGroup section */
		0A25228D2A9EEB7300750866 /* Fonts */ = {
			isa = PBXGroup;
			children = (
				0A25228B2A9EEB5800750866 /* ArchivoBlack-Regular.ttf */,
			);
			path = Fonts;
			sourceTree = "<group>";
		};
		0A6216D72A9DD0100069BCB9 /* Frameworks */ = {
			isa = PBXGroup;
			children = (
			);
			name = Frameworks;
			sourceTree = "<group>";
		};
		AE89744B2A9C4CCB006748CA = {
			isa = PBXGroup;
			children = (
				AE8974562A9C4CCB006748CA /* EventiLatte */,
				AE8974672A9C4CCC006748CA /* EventiLatteTests */,
				AE8974712A9C4CCC006748CA /* EventiLatteUITests */,
				AE8974552A9C4CCB006748CA /* Products */,
				0A6216D72A9DD0100069BCB9 /* Frameworks */,
			);
			sourceTree = "<group>";
		};
		AE8974552A9C4CCB006748CA /* Products */ = {
			isa = PBXGroup;
			children = (
				AE8974542A9C4CCB006748CA /* EventiLatte.app */,
				AE8974642A9C4CCC006748CA /* EventiLatteTests.xctest */,
				AE89746E2A9C4CCC006748CA /* EventiLatteUITests.xctest */,
			);
			name = Products;
			sourceTree = "<group>";
		};
		AE8974562A9C4CCB006748CA /* EventiLatte */ = {
			isa = PBXGroup;
			children = (
				ED9E847F2A9F1EF0007C90F7 /* Views */,
				0A25228E2A9EEC4B00750866 /* Info.plist */,
				0AE736A52A9C592A0015769D /* EventiLatte.entitlements */,
				0AF045C02AA43F58004583D4 /* notificationHandler.swift */,
				AE8974572A9C4CCB006748CA /* EventiLatteApp.swift */,
				AEEDCBDC2A9DBB1100DD40A2 /* us_universities.csv */,
				AE89745B2A9C4CCC006748CA /* Assets.xcassets */,
				0A25228D2A9EEB7300750866 /* Fonts */,
				AEEDCBDA2A9D592900DD40A2 /* GoogleService-Info.plist */,
				AE89745D2A9C4CCC006748CA /* Preview Content */,
				0AE736A62A9C635E0015769D /* Config.xcconfig */,
			);
			path = EventiLatte;
			sourceTree = "<group>";
		};
		AE89745D2A9C4CCC006748CA /* Preview Content */ = {
			isa = PBXGroup;
			children = (
				AE89745E2A9C4CCC006748CA /* Preview Assets.xcassets */,
			);
			path = "Preview Content";
			sourceTree = "<group>";
		};
		AE8974672A9C4CCC006748CA /* EventiLatteTests */ = {
			isa = PBXGroup;
			children = (
				AE8974682A9C4CCC006748CA /* EventiLatteTests.swift */,
			);
			path = EventiLatteTests;
			sourceTree = "<group>";
		};
		AE8974712A9C4CCC006748CA /* EventiLatteUITests */ = {
			isa = PBXGroup;
			children = (
				AE8974722A9C4CCC006748CA /* EventiLatteUITests.swift */,
				AE8974742A9C4CCC006748CA /* EventiLatteUITestsLaunchTests.swift */,
			);
			path = EventiLatteUITests;
			sourceTree = "<group>";
		};
		ED9E847F2A9F1EF0007C90F7 /* Views */ = {
			isa = PBXGroup;
			children = (
				AE3EDE8F2A9EE35500666B8B /* DiscoverView.swift */,
				AE5B85212AA2F461001E988F /* SearchView.swift */,
				AE8974592A9C4CCB006748CA /* ContentView.swift */,
				0A6216DE2A9DD40F0069BCB9 /* HomeScreenView.swift */,
				0AE736A12A9C56580015769D /* SignInView.swift */,
				0A6216E02A9DDB730069BCB9 /* ProfileView.swift */,
				0A7AD9AF2AA1A88800101A39 /* chooseCollegeView.swift */,
				0AE736A32A9C584A0015769D /* SignUpView.swift */,
				0A061F0A2A9F465500FC3EC1 /* BoatingVIew.swift */,
				0AE4AE232AA42C8E0020A7C7 /* notiView.swift */,
				ED9E84802A9F257F007C90F7 /* EventPageView.swift */,
			);
			path = Views;
			sourceTree = "<group>";
		};
/* End PBXGroup section */

/* Begin PBXNativeTarget section */
		AE8974532A9C4CCB006748CA /* EventiLatte */ = {
			isa = PBXNativeTarget;
			buildConfigurationList = AE8974782A9C4CCC006748CA /* Build configuration list for PBXNativeTarget "EventiLatte" */;
			buildPhases = (
				AE8974502A9C4CCB006748CA /* Sources */,
				AE8974512A9C4CCB006748CA /* Frameworks */,
				AE8974522A9C4CCB006748CA /* Resources */,
			);
			buildRules = (
			);
			dependencies = (
			);
			name = EventiLatte;
			packageProductDependencies = (
				AEEDCBD82A9D521B00DD40A2 /* FirebaseAuth */,
				0A6216D82A9DD0100069BCB9 /* FirebaseDatabase */,
				0A6216DA2A9DD0100069BCB9 /* FirebaseDatabaseSwift */,
				AE3EDE8D2A9EE32E00666B8B /* FeedKit */,
				AE5B851F2AA19DCA001E988F /* SwiftyJSON */,
			);
			productName = EventiLatte;
			productReference = AE8974542A9C4CCB006748CA /* EventiLatte.app */;
			productType = "com.apple.product-type.application";
		};
		AE8974632A9C4CCC006748CA /* EventiLatteTests */ = {
			isa = PBXNativeTarget;
			buildConfigurationList = AE89747B2A9C4CCC006748CA /* Build configuration list for PBXNativeTarget "EventiLatteTests" */;
			buildPhases = (
				AE8974602A9C4CCC006748CA /* Sources */,
				AE8974612A9C4CCC006748CA /* Frameworks */,
				AE8974622A9C4CCC006748CA /* Resources */,
			);
			buildRules = (
			);
			dependencies = (
				AE8974662A9C4CCC006748CA /* PBXTargetDependency */,
			);
			name = EventiLatteTests;
			productName = EventiLatteTests;
			productReference = AE8974642A9C4CCC006748CA /* EventiLatteTests.xctest */;
			productType = "com.apple.product-type.bundle.unit-test";
		};
		AE89746D2A9C4CCC006748CA /* EventiLatteUITests */ = {
			isa = PBXNativeTarget;
			buildConfigurationList = AE89747E2A9C4CCC006748CA /* Build configuration list for PBXNativeTarget "EventiLatteUITests" */;
			buildPhases = (
				AE89746A2A9C4CCC006748CA /* Sources */,
				AE89746B2A9C4CCC006748CA /* Frameworks */,
				AE89746C2A9C4CCC006748CA /* Resources */,
			);
			buildRules = (
			);
			dependencies = (
				AE8974702A9C4CCC006748CA /* PBXTargetDependency */,
			);
			name = EventiLatteUITests;
			productName = EventiLatteUITests;
			productReference = AE89746E2A9C4CCC006748CA /* EventiLatteUITests.xctest */;
			productType = "com.apple.product-type.bundle.ui-testing";
		};
/* End PBXNativeTarget section */

/* Begin PBXProject section */
		AE89744C2A9C4CCB006748CA /* Project object */ = {
			isa = PBXProject;
			attributes = {
				BuildIndependentTargetsInParallel = 1;
				LastSwiftUpdateCheck = 1430;
				LastUpgradeCheck = 1430;
				TargetAttributes = {
					AE8974532A9C4CCB006748CA = {
						CreatedOnToolsVersion = 14.3;
					};
					AE8974632A9C4CCC006748CA = {
						CreatedOnToolsVersion = 14.3;
						TestTargetID = AE8974532A9C4CCB006748CA;
					};
					AE89746D2A9C4CCC006748CA = {
						CreatedOnToolsVersion = 14.3;
						TestTargetID = AE8974532A9C4CCB006748CA;
					};
				};
			};
			buildConfigurationList = AE89744F2A9C4CCB006748CA /* Build configuration list for PBXProject "EventiLatte" */;
			compatibilityVersion = "Xcode 14.0";
			developmentRegion = en;
			hasScannedForEncodings = 0;
			knownRegions = (
				en,
				Base,
			);
			mainGroup = AE89744B2A9C4CCB006748CA;
			packageReferences = (
				AEEDCBD72A9D521B00DD40A2 /* XCRemoteSwiftPackageReference "firebase-ios-sdk" */,
				AE3EDE8C2A9EE32E00666B8B /* XCRemoteSwiftPackageReference "FeedKit" */,
				AE5B851E2AA19DCA001E988F /* XCRemoteSwiftPackageReference "SwiftyJSON" */,
			);
			productRefGroup = AE8974552A9C4CCB006748CA /* Products */;
			projectDirPath = "";
			projectRoot = "";
			targets = (
				AE8974532A9C4CCB006748CA /* EventiLatte */,
				AE8974632A9C4CCC006748CA /* EventiLatteTests */,
				AE89746D2A9C4CCC006748CA /* EventiLatteUITests */,
			);
		};
/* End PBXProject section */

/* Begin PBXResourcesBuildPhase section */
		AE8974522A9C4CCB006748CA /* Resources */ = {
			isa = PBXResourcesBuildPhase;
			buildActionMask = 2147483647;
			files = (
				AE89745F2A9C4CCC006748CA /* Preview Assets.xcassets in Resources */,
				0A25228C2A9EEB5900750866 /* ArchivoBlack-Regular.ttf in Resources */,
				AEEDCBDB2A9D592900DD40A2 /* GoogleService-Info.plist in Resources */,
				AEEDCBDD2A9DBB1200DD40A2 /* us_universities.csv in Resources */,
				AE89745C2A9C4CCC006748CA /* Assets.xcassets in Resources */,
			);
			runOnlyForDeploymentPostprocessing = 0;
		};
		AE8974622A9C4CCC006748CA /* Resources */ = {
			isa = PBXResourcesBuildPhase;
			buildActionMask = 2147483647;
			files = (
			);
			runOnlyForDeploymentPostprocessing = 0;
		};
		AE89746C2A9C4CCC006748CA /* Resources */ = {
			isa = PBXResourcesBuildPhase;
			buildActionMask = 2147483647;
			files = (
			);
			runOnlyForDeploymentPostprocessing = 0;
		};
/* End PBXResourcesBuildPhase section */

/* Begin PBXSourcesBuildPhase section */
		AE8974502A9C4CCB006748CA /* Sources */ = {
			isa = PBXSourcesBuildPhase;
			buildActionMask = 2147483647;
			files = (
				AE5B85222AA2F461001E988F /* SearchView.swift in Sources */,
				ED9E84812A9F257F007C90F7 /* EventPageView.swift in Sources */,
				0AE736A42A9C584A0015769D /* SignUpView.swift in Sources */,
				0AE736A22A9C56580015769D /* SignInView.swift in Sources */,
				0AE4AE242AA42C8E0020A7C7 /* notiView.swift in Sources */,
				0A6216DF2A9DD40F0069BCB9 /* HomeScreenView.swift in Sources */,
				0A7AD9B02AA1A88800101A39 /* chooseCollegeView.swift in Sources */,
				0AF045C12AA43F58004583D4 /* notificationHandler.swift in Sources */,
				AE89745A2A9C4CCB006748CA /* ContentView.swift in Sources */,
				AE3EDE902A9EE35500666B8B /* DiscoverView.swift in Sources */,
				0A6216E12A9DDB730069BCB9 /* ProfileView.swift in Sources */,
				AE8974582A9C4CCB006748CA /* EventiLatteApp.swift in Sources */,
				0A061F0B2A9F465500FC3EC1 /* BoatingVIew.swift in Sources */,
			);
			runOnlyForDeploymentPostprocessing = 0;
		};
		AE8974602A9C4CCC006748CA /* Sources */ = {
			isa = PBXSourcesBuildPhase;
			buildActionMask = 2147483647;
			files = (
				AE8974692A9C4CCC006748CA /* EventiLatteTests.swift in Sources */,
			);
			runOnlyForDeploymentPostprocessing = 0;
		};
		AE89746A2A9C4CCC006748CA /* Sources */ = {
			isa = PBXSourcesBuildPhase;
			buildActionMask = 2147483647;
			files = (
				AE8974752A9C4CCC006748CA /* EventiLatteUITestsLaunchTests.swift in Sources */,
				AE8974732A9C4CCC006748CA /* EventiLatteUITests.swift in Sources */,
			);
			runOnlyForDeploymentPostprocessing = 0;
		};
/* End PBXSourcesBuildPhase section */

/* Begin PBXTargetDependency section */
		AE8974662A9C4CCC006748CA /* PBXTargetDependency */ = {
			isa = PBXTargetDependency;
			target = AE8974532A9C4CCB006748CA /* EventiLatte */;
			targetProxy = AE8974652A9C4CCC006748CA /* PBXContainerItemProxy */;
		};
		AE8974702A9C4CCC006748CA /* PBXTargetDependency */ = {
			isa = PBXTargetDependency;
			target = AE8974532A9C4CCB006748CA /* EventiLatte */;
			targetProxy = AE89746F2A9C4CCC006748CA /* PBXContainerItemProxy */;
		};
/* End PBXTargetDependency section */

/* Begin XCBuildConfiguration section */
		AE8974762A9C4CCC006748CA /* Debug */ = {
			isa = XCBuildConfiguration;
			baseConfigurationReference = 0AE736A62A9C635E0015769D /* Config.xcconfig */;
			buildSettings = {
				ALWAYS_SEARCH_USER_PATHS = NO;
				CLANG_ANALYZER_NONNULL = YES;
				CLANG_ANALYZER_NUMBER_OBJECT_CONVERSION = YES_AGGRESSIVE;
				CLANG_CXX_LANGUAGE_STANDARD = "gnu++20";
				CLANG_ENABLE_MODULES = YES;
				CLANG_ENABLE_OBJC_ARC = YES;
				CLANG_ENABLE_OBJC_WEAK = YES;
				CLANG_WARN_BLOCK_CAPTURE_AUTORELEASING = YES;
				CLANG_WARN_BOOL_CONVERSION = YES;
				CLANG_WARN_COMMA = YES;
				CLANG_WARN_CONSTANT_CONVERSION = YES;
				CLANG_WARN_DEPRECATED_OBJC_IMPLEMENTATIONS = YES;
				CLANG_WARN_DIRECT_OBJC_ISA_USAGE = YES_ERROR;
				CLANG_WARN_DOCUMENTATION_COMMENTS = YES;
				CLANG_WARN_EMPTY_BODY = YES;
				CLANG_WARN_ENUM_CONVERSION = YES;
				CLANG_WARN_INFINITE_RECURSION = YES;
				CLANG_WARN_INT_CONVERSION = YES;
				CLANG_WARN_NON_LITERAL_NULL_CONVERSION = YES;
				CLANG_WARN_OBJC_IMPLICIT_RETAIN_SELF = YES;
				CLANG_WARN_OBJC_LITERAL_CONVERSION = YES;
				CLANG_WARN_OBJC_ROOT_CLASS = YES_ERROR;
				CLANG_WARN_QUOTED_INCLUDE_IN_FRAMEWORK_HEADER = YES;
				CLANG_WARN_RANGE_LOOP_ANALYSIS = YES;
				CLANG_WARN_STRICT_PROTOTYPES = YES;
				CLANG_WARN_SUSPICIOUS_MOVE = YES;
				CLANG_WARN_UNGUARDED_AVAILABILITY = YES_AGGRESSIVE;
				CLANG_WARN_UNREACHABLE_CODE = YES;
				CLANG_WARN__DUPLICATE_METHOD_MATCH = YES;
				COPY_PHASE_STRIP = NO;
				DEBUG_INFORMATION_FORMAT = dwarf;
				ENABLE_STRICT_OBJC_MSGSEND = YES;
				ENABLE_TESTABILITY = YES;
				GCC_C_LANGUAGE_STANDARD = gnu11;
				GCC_DYNAMIC_NO_PIC = NO;
				GCC_NO_COMMON_BLOCKS = YES;
				GCC_OPTIMIZATION_LEVEL = 0;
				GCC_PREPROCESSOR_DEFINITIONS = (
					"DEBUG=1",
					"$(inherited)",
				);
				GCC_WARN_64_TO_32_BIT_CONVERSION = YES;
				GCC_WARN_ABOUT_RETURN_TYPE = YES_ERROR;
				GCC_WARN_UNDECLARED_SELECTOR = YES;
				GCC_WARN_UNINITIALIZED_AUTOS = YES_AGGRESSIVE;
				GCC_WARN_UNUSED_FUNCTION = YES;
				GCC_WARN_UNUSED_VARIABLE = YES;
				IPHONEOS_DEPLOYMENT_TARGET = 16.0;
				MTL_ENABLE_DEBUG_INFO = INCLUDE_SOURCE;
				MTL_FAST_MATH = YES;
				ONLY_ACTIVE_ARCH = YES;
				SDKROOT = iphoneos;
				SWIFT_ACTIVE_COMPILATION_CONDITIONS = DEBUG;
				SWIFT_OPTIMIZATION_LEVEL = "-Onone";
			};
			name = Debug;
		};
		AE8974772A9C4CCC006748CA /* Release */ = {
			isa = XCBuildConfiguration;
			baseConfigurationReference = 0AE736A62A9C635E0015769D /* Config.xcconfig */;
			buildSettings = {
				ALWAYS_SEARCH_USER_PATHS = NO;
				CLANG_ANALYZER_NONNULL = YES;
				CLANG_ANALYZER_NUMBER_OBJECT_CONVERSION = YES_AGGRESSIVE;
				CLANG_CXX_LANGUAGE_STANDARD = "gnu++20";
				CLANG_ENABLE_MODULES = YES;
				CLANG_ENABLE_OBJC_ARC = YES;
				CLANG_ENABLE_OBJC_WEAK = YES;
				CLANG_WARN_BLOCK_CAPTURE_AUTORELEASING = YES;
				CLANG_WARN_BOOL_CONVERSION = YES;
				CLANG_WARN_COMMA = YES;
				CLANG_WARN_CONSTANT_CONVERSION = YES;
				CLANG_WARN_DEPRECATED_OBJC_IMPLEMENTATIONS = YES;
				CLANG_WARN_DIRECT_OBJC_ISA_USAGE = YES_ERROR;
				CLANG_WARN_DOCUMENTATION_COMMENTS = YES;
				CLANG_WARN_EMPTY_BODY = YES;
				CLANG_WARN_ENUM_CONVERSION = YES;
				CLANG_WARN_INFINITE_RECURSION = YES;
				CLANG_WARN_INT_CONVERSION = YES;
				CLANG_WARN_NON_LITERAL_NULL_CONVERSION = YES;
				CLANG_WARN_OBJC_IMPLICIT_RETAIN_SELF = YES;
				CLANG_WARN_OBJC_LITERAL_CONVERSION = YES;
				CLANG_WARN_OBJC_ROOT_CLASS = YES_ERROR;
				CLANG_WARN_QUOTED_INCLUDE_IN_FRAMEWORK_HEADER = YES;
				CLANG_WARN_RANGE_LOOP_ANALYSIS = YES;
				CLANG_WARN_STRICT_PROTOTYPES = YES;
				CLANG_WARN_SUSPICIOUS_MOVE = YES;
				CLANG_WARN_UNGUARDED_AVAILABILITY = YES_AGGRESSIVE;
				CLANG_WARN_UNREACHABLE_CODE = YES;
				CLANG_WARN__DUPLICATE_METHOD_MATCH = YES;
				COPY_PHASE_STRIP = NO;
				DEBUG_INFORMATION_FORMAT = "dwarf-with-dsym";
				ENABLE_NS_ASSERTIONS = NO;
				ENABLE_STRICT_OBJC_MSGSEND = YES;
				GCC_C_LANGUAGE_STANDARD = gnu11;
				GCC_NO_COMMON_BLOCKS = YES;
				GCC_WARN_64_TO_32_BIT_CONVERSION = YES;
				GCC_WARN_ABOUT_RETURN_TYPE = YES_ERROR;
				GCC_WARN_UNDECLARED_SELECTOR = YES;
				GCC_WARN_UNINITIALIZED_AUTOS = YES_AGGRESSIVE;
				GCC_WARN_UNUSED_FUNCTION = YES;
				GCC_WARN_UNUSED_VARIABLE = YES;
				IPHONEOS_DEPLOYMENT_TARGET = 16.0;
				MTL_ENABLE_DEBUG_INFO = NO;
				MTL_FAST_MATH = YES;
				SDKROOT = iphoneos;
				SWIFT_COMPILATION_MODE = wholemodule;
				SWIFT_OPTIMIZATION_LEVEL = "-O";
				VALIDATE_PRODUCT = YES;
			};
			name = Release;
		};
		AE8974792A9C4CCC006748CA /* Debug */ = {
			isa = XCBuildConfiguration;
			buildSettings = {
				ASSETCATALOG_COMPILER_APPICON_NAME = AppIcon;
				ASSETCATALOG_COMPILER_GLOBAL_ACCENT_COLOR_NAME = AccentColor;
				CODE_SIGN_ENTITLEMENTS = EventiLatte/EventiLatte.entitlements;
				CODE_SIGN_IDENTITY = "Apple Development";
				CODE_SIGN_STYLE = Automatic;
				CURRENT_PROJECT_VERSION = 1;
				DEVELOPMENT_ASSET_PATHS = "\"EventiLatte/Preview Content\"";
				DEVELOPMENT_TEAM = B22434C9EF;
				ENABLE_PREVIEWS = YES;
				GENERATE_INFOPLIST_FILE = YES;
				INFOPLIST_FILE = EventiLatte/Info.plist;
				INFOPLIST_KEY_UIApplicationSceneManifest_Generation = YES;
				INFOPLIST_KEY_UIApplicationSupportsIndirectInputEvents = YES;
				INFOPLIST_KEY_UILaunchScreen_Generation = YES;
				INFOPLIST_KEY_UISupportedInterfaceOrientations_iPad = "UIInterfaceOrientationPortrait UIInterfaceOrientationPortraitUpsideDown UIInterfaceOrientationLandscapeLeft UIInterfaceOrientationLandscapeRight";
				INFOPLIST_KEY_UISupportedInterfaceOrientations_iPhone = "UIInterfaceOrientationPortrait UIInterfaceOrientationLandscapeLeft UIInterfaceOrientationLandscapeRight";
				IPHONEOS_DEPLOYMENT_TARGET = 16.0;
				LD_RUNPATH_SEARCH_PATHS = (
					"$(inherited)",
					"@executable_path/Frameworks",
				);
				MARKETING_VERSION = 1.0;
				PRODUCT_BUNDLE_IDENTIFIER = maanas.EventiLatte;
				PRODUCT_NAME = "$(TARGET_NAME)";
				PROVISIONING_PROFILE_SPECIFIER = "";
				SWIFT_EMIT_LOC_STRINGS = YES;
				SWIFT_VERSION = 5.0;
				TARGETED_DEVICE_FAMILY = "1,2";
			};
			name = Debug;
		};
		AE89747A2A9C4CCC006748CA /* Release */ = {
			isa = XCBuildConfiguration;
			buildSettings = {
				ASSETCATALOG_COMPILER_APPICON_NAME = AppIcon;
				ASSETCATALOG_COMPILER_GLOBAL_ACCENT_COLOR_NAME = AccentColor;
				CODE_SIGN_ENTITLEMENTS = EventiLatte/EventiLatte.entitlements;
				CODE_SIGN_IDENTITY = "Apple Development";
				CODE_SIGN_STYLE = Automatic;
				CURRENT_PROJECT_VERSION = 1;
				DEVELOPMENT_ASSET_PATHS = "\"EventiLatte/Preview Content\"";
				DEVELOPMENT_TEAM = B22434C9EF;
				ENABLE_PREVIEWS = YES;
				GENERATE_INFOPLIST_FILE = YES;
				INFOPLIST_FILE = EventiLatte/Info.plist;
				INFOPLIST_KEY_UIApplicationSceneManifest_Generation = YES;
				INFOPLIST_KEY_UIApplicationSupportsIndirectInputEvents = YES;
				INFOPLIST_KEY_UILaunchScreen_Generation = YES;
				INFOPLIST_KEY_UISupportedInterfaceOrientations_iPad = "UIInterfaceOrientationPortrait UIInterfaceOrientationPortraitUpsideDown UIInterfaceOrientationLandscapeLeft UIInterfaceOrientationLandscapeRight";
				INFOPLIST_KEY_UISupportedInterfaceOrientations_iPhone = "UIInterfaceOrientationPortrait UIInterfaceOrientationLandscapeLeft UIInterfaceOrientationLandscapeRight";
				IPHONEOS_DEPLOYMENT_TARGET = 16.0;
				LD_RUNPATH_SEARCH_PATHS = (
					"$(inherited)",
					"@executable_path/Frameworks",
				);
				MARKETING_VERSION = 1.0;
				PRODUCT_BUNDLE_IDENTIFIER = maanas.EventiLatte;
				PRODUCT_NAME = "$(TARGET_NAME)";
				PROVISIONING_PROFILE_SPECIFIER = "";
				SWIFT_EMIT_LOC_STRINGS = YES;
				SWIFT_VERSION = 5.0;
				TARGETED_DEVICE_FAMILY = "1,2";
			};
			name = Release;
		};
		AE89747C2A9C4CCC006748CA /* Debug */ = {
			isa = XCBuildConfiguration;
			buildSettings = {
				ALWAYS_EMBED_SWIFT_STANDARD_LIBRARIES = YES;
				BUNDLE_LOADER = "$(TEST_HOST)";
				CODE_SIGN_STYLE = Automatic;
				CURRENT_PROJECT_VERSION = 1;
				DEVELOPMENT_TEAM = B22434C9EF;
				GENERATE_INFOPLIST_FILE = YES;
				IPHONEOS_DEPLOYMENT_TARGET = 16.4;
				MARKETING_VERSION = 1.0;
				PRODUCT_BUNDLE_IDENTIFIER = maanas.EventiLatteTests;
				PRODUCT_NAME = "$(TARGET_NAME)";
				SWIFT_EMIT_LOC_STRINGS = NO;
				SWIFT_VERSION = 5.0;
				TARGETED_DEVICE_FAMILY = "1,2";
				TEST_HOST = "$(BUILT_PRODUCTS_DIR)/EventiLatte.app/$(BUNDLE_EXECUTABLE_FOLDER_PATH)/EventiLatte";
			};
			name = Debug;
		};
		AE89747D2A9C4CCC006748CA /* Release */ = {
			isa = XCBuildConfiguration;
			buildSettings = {
				ALWAYS_EMBED_SWIFT_STANDARD_LIBRARIES = YES;
				BUNDLE_LOADER = "$(TEST_HOST)";
				CODE_SIGN_STYLE = Automatic;
				CURRENT_PROJECT_VERSION = 1;
				DEVELOPMENT_TEAM = B22434C9EF;
				GENERATE_INFOPLIST_FILE = YES;
				IPHONEOS_DEPLOYMENT_TARGET = 16.4;
				MARKETING_VERSION = 1.0;
				PRODUCT_BUNDLE_IDENTIFIER = maanas.EventiLatteTests;
				PRODUCT_NAME = "$(TARGET_NAME)";
				SWIFT_EMIT_LOC_STRINGS = NO;
				SWIFT_VERSION = 5.0;
				TARGETED_DEVICE_FAMILY = "1,2";
				TEST_HOST = "$(BUILT_PRODUCTS_DIR)/EventiLatte.app/$(BUNDLE_EXECUTABLE_FOLDER_PATH)/EventiLatte";
			};
			name = Release;
		};
		AE89747F2A9C4CCC006748CA /* Debug */ = {
			isa = XCBuildConfiguration;
			buildSettings = {
				ALWAYS_EMBED_SWIFT_STANDARD_LIBRARIES = YES;
				CODE_SIGN_STYLE = Automatic;
				CURRENT_PROJECT_VERSION = 1;
				DEVELOPMENT_TEAM = B22434C9EF;
				GENERATE_INFOPLIST_FILE = YES;
				MARKETING_VERSION = 1.0;
				PRODUCT_BUNDLE_IDENTIFIER = maanas.EventiLatteUITests;
				PRODUCT_NAME = "$(TARGET_NAME)";
				SWIFT_EMIT_LOC_STRINGS = NO;
				SWIFT_VERSION = 5.0;
				TARGETED_DEVICE_FAMILY = "1,2";
				TEST_TARGET_NAME = EventiLatte;
			};
			name = Debug;
		};
		AE8974802A9C4CCC006748CA /* Release */ = {
			isa = XCBuildConfiguration;
			buildSettings = {
				ALWAYS_EMBED_SWIFT_STANDARD_LIBRARIES = YES;
				CODE_SIGN_STYLE = Automatic;
				CURRENT_PROJECT_VERSION = 1;
				DEVELOPMENT_TEAM = B22434C9EF;
				GENERATE_INFOPLIST_FILE = YES;
				MARKETING_VERSION = 1.0;
				PRODUCT_BUNDLE_IDENTIFIER = maanas.EventiLatteUITests;
				PRODUCT_NAME = "$(TARGET_NAME)";
				SWIFT_EMIT_LOC_STRINGS = NO;
				SWIFT_VERSION = 5.0;
				TARGETED_DEVICE_FAMILY = "1,2";
				TEST_TARGET_NAME = EventiLatte;
			};
			name = Release;
		};
/* End XCBuildConfiguration section */

/* Begin XCConfigurationList section */
		AE89744F2A9C4CCB006748CA /* Build configuration list for PBXProject "EventiLatte" */ = {
			isa = XCConfigurationList;
			buildConfigurations = (
				AE8974762A9C4CCC006748CA /* Debug */,
				AE8974772A9C4CCC006748CA /* Release */,
			);
			defaultConfigurationIsVisible = 0;
			defaultConfigurationName = Release;
		};
		AE8974782A9C4CCC006748CA /* Build configuration list for PBXNativeTarget "EventiLatte" */ = {
			isa = XCConfigurationList;
			buildConfigurations = (
				AE8974792A9C4CCC006748CA /* Debug */,
				AE89747A2A9C4CCC006748CA /* Release */,
			);
			defaultConfigurationIsVisible = 0;
			defaultConfigurationName = Release;
		};
		AE89747B2A9C4CCC006748CA /* Build configuration list for PBXNativeTarget "EventiLatteTests" */ = {
			isa = XCConfigurationList;
			buildConfigurations = (
				AE89747C2A9C4CCC006748CA /* Debug */,
				AE89747D2A9C4CCC006748CA /* Release */,
			);
			defaultConfigurationIsVisible = 0;
			defaultConfigurationName = Release;
		};
		AE89747E2A9C4CCC006748CA /* Build configuration list for PBXNativeTarget "EventiLatteUITests" */ = {
			isa = XCConfigurationList;
			buildConfigurations = (
				AE89747F2A9C4CCC006748CA /* Debug */,
				AE8974802A9C4CCC006748CA /* Release */,
			);
			defaultConfigurationIsVisible = 0;
			defaultConfigurationName = Release;
		};
/* End XCConfigurationList section */

/* Begin XCRemoteSwiftPackageReference section */
		AE3EDE8C2A9EE32E00666B8B /* XCRemoteSwiftPackageReference "FeedKit" */ = {
			isa = XCRemoteSwiftPackageReference;
			repositoryURL = "https://github.com/nmdias/FeedKit.git";
			requirement = {
				kind = upToNextMajorVersion;
				minimumVersion = 9.0.0;
			};
		};
		AE5B851E2AA19DCA001E988F /* XCRemoteSwiftPackageReference "SwiftyJSON" */ = {
			isa = XCRemoteSwiftPackageReference;
			repositoryURL = "https://github.com/SwiftyJSON/SwiftyJSON.git";
			requirement = {
				kind = upToNextMajorVersion;
				minimumVersion = 5.0.0;
			};
		};
		AEEDCBD72A9D521B00DD40A2 /* XCRemoteSwiftPackageReference "firebase-ios-sdk" */ = {
			isa = XCRemoteSwiftPackageReference;
			repositoryURL = "https://github.com/firebase/firebase-ios-sdk.git";
			requirement = {
				kind = upToNextMajorVersion;
				minimumVersion = 10.0.0;
			};
		};
/* End XCRemoteSwiftPackageReference section */

/* Begin XCSwiftPackageProductDependency section */
		0A6216D82A9DD0100069BCB9 /* FirebaseDatabase */ = {
			isa = XCSwiftPackageProductDependency;
			package = AEEDCBD72A9D521B00DD40A2 /* XCRemoteSwiftPackageReference "firebase-ios-sdk" */;
			productName = FirebaseDatabase;
		};
		0A6216DA2A9DD0100069BCB9 /* FirebaseDatabaseSwift */ = {
			isa = XCSwiftPackageProductDependency;
			package = AEEDCBD72A9D521B00DD40A2 /* XCRemoteSwiftPackageReference "firebase-ios-sdk" */;
			productName = FirebaseDatabaseSwift;
		};
		AE3EDE8D2A9EE32E00666B8B /* FeedKit */ = {
			isa = XCSwiftPackageProductDependency;
			package = AE3EDE8C2A9EE32E00666B8B /* XCRemoteSwiftPackageReference "FeedKit" */;
			productName = FeedKit;
		};
		AE5B851F2AA19DCA001E988F /* SwiftyJSON */ = {
			isa = XCSwiftPackageProductDependency;
			package = AE5B851E2AA19DCA001E988F /* XCRemoteSwiftPackageReference "SwiftyJSON" */;
			productName = SwiftyJSON;
		};
		AEEDCBD82A9D521B00DD40A2 /* FirebaseAuth */ = {
			isa = XCSwiftPackageProductDependency;
			package = AEEDCBD72A9D521B00DD40A2 /* XCRemoteSwiftPackageReference "firebase-ios-sdk" */;
			productName = FirebaseAuth;
		};
/* End XCSwiftPackageProductDependency section */
	};
	rootObject = AE89744C2A9C4CCB006748CA /* Project object */;
}
